// !$*UTF8*$!
{
	archiveVersion = 1;
	classes = {
	};
	objectVersion = 46;
	objects = {

/* Begin PBXBuildFile section */
		B6CC914C1EB0C16100466D6E /* AppDelegate.swift in Sources */ = {isa = PBXBuildFile; fileRef = B6CC914B1EB0C16100466D6E /* AppDelegate.swift */; };
		B6CC914E1EB0C16100466D6E /* ViewController.swift in Sources */ = {isa = PBXBuildFile; fileRef = B6CC914D1EB0C16100466D6E /* ViewController.swift */; };
		B6CC91511EB0C16100466D6E /* Main.storyboard in Resources */ = {isa = PBXBuildFile; fileRef = B6CC914F1EB0C16100466D6E /* Main.storyboard */; };
		B6CC91531EB0C16100466D6E /* Assets.xcassets in Resources */ = {isa = PBXBuildFile; fileRef = B6CC91521EB0C16100466D6E /* Assets.xcassets */; };
		B6CC91561EB0C16100466D6E /* LaunchScreen.storyboard in Resources */ = {isa = PBXBuildFile; fileRef = B6CC91541EB0C16100466D6E /* LaunchScreen.storyboard */; };
/* End PBXBuildFile section */

/* Begin PBXFileReference section */
		B6CC91481EB0C16100466D6E /* CasoPracticoTelefonica.app */ = {isa = PBXFileReference; explicitFileType = wrapper.application; includeInIndex = 0; path = CasoPracticoTelefonica.app; sourceTree = BUILT_PRODUCTS_DIR; };
		B6CC914B1EB0C16100466D6E /* AppDelegate.swift */ = {isa = PBXFileReference; lastKnownFileType = sourcecode.swift; path = AppDelegate.swift; sourceTree = "<group>"; };
		B6CC914D1EB0C16100466D6E /* ViewController.swift */ = {isa = PBXFileReference; lastKnownFileType = sourcecode.swift; path = ViewController.swift; sourceTree = "<group>"; };
		B6CC91501EB0C16100466D6E /* Base */ = {isa = PBXFileReference; lastKnownFileType = file.storyboard; name = Base; path = Base.lproj/Main.storyboard; sourceTree = "<group>"; };
		B6CC91521EB0C16100466D6E /* Assets.xcassets */ = {isa = PBXFileReference; lastKnownFileType = folder.assetcatalog; path = Assets.xcassets; sourceTree = "<group>"; };
		B6CC91551EB0C16100466D6E /* Base */ = {isa = PBXFileReference; lastKnownFileType = file.storyboard; name = Base; path = Base.lproj/LaunchScreen.storyboard; sourceTree = "<group>"; };
		B6CC91571EB0C16100466D6E /* Info.plist */ = {isa = PBXFileReference; lastKnownFileType = text.plist.xml; path = Info.plist; sourceTree = "<group>"; };
/* End PBXFileReference section */

/* Begin PBXFrameworksBuildPhase section */
		B6CC91451EB0C16100466D6E /* Frameworks */ = {
			isa = PBXFrameworksBuildPhase;
			buildActionMask = 2147483647;
			files = (
			);
			runOnlyForDeploymentPostprocessing = 0;
		};
/* End PBXFrameworksBuildPhase section */

/* Begin PBXGroup section */
		B6CC913F1EB0C16100466D6E = {
			isa = PBXGroup;
			children = (
				B6CC914A1EB0C16100466D6E /* CasoPracticoTelefonica */,
				B6CC91491EB0C16100466D6E /* Products */,
			);
			sourceTree = "<group>";
		};
		B6CC91491EB0C16100466D6E /* Products */ = {
			isa = PBXGroup;
			children = (
				B6CC91481EB0C16100466D6E /* CasoPracticoTelefonica.app */,
			);
			name = Products;
			sourceTree = "<group>";
		};
		B6CC914A1EB0C16100466D6E /* CasoPracticoTelefonica */ = {
			isa = PBXGroup;
			children = (
				B6CC914B1EB0C16100466D6E /* AppDelegate.swift */,
				B6CC914D1EB0C16100466D6E /* ViewController.swift */,
				B6CC914F1EB0C16100466D6E /* Main.storyboard */,
				B6CC91521EB0C16100466D6E /* Assets.xcassets */,
				B6CC91541EB0C16100466D6E /* LaunchScreen.storyboard */,
				B6CC91571EB0C16100466D6E /* Info.plist */,
			);
			path = CasoPracticoTelefonica;
			sourceTree = "<group>";
		};
/* End PBXGroup section */

/* Begin PBXNativeTarget section */
		B6CC91471EB0C16100466D6E /* CasoPracticoTelefonica */ = {
			isa = PBXNativeTarget;
			buildConfigurationList = B6CC915A1EB0C16100466D6E /* Build configuration list for PBXNativeTarget "CasoPracticoTelefonica" */;
			buildPhases = (
				B6CC91441EB0C16100466D6E /* Sources */,
				B6CC91451EB0C16100466D6E /* Frameworks */,
				B6CC91461EB0C16100466D6E /* Resources */,
			);
			buildRules = (
			);
			dependencies = (
			);
			name = CasoPracticoTelefonica;
			productName = CasoPracticoTelefonica;
			productReference = B6CC91481EB0C16100466D6E /* CasoPracticoTelefonica.app */;
			productType = "com.apple.product-type.application";
		};
/* End PBXNativeTarget section */

/* Begin PBXProject section */
		B6CC91401EB0C16100466D6E /* Project object */ = {
			isa = PBXProject;
			attributes = {
				LastSwiftUpdateCheck = 0820;
				LastUpgradeCheck = 0820;
				ORGANIZATIONNAME = user125877;
				TargetAttributes = {
					B6CC91471EB0C16100466D6E = {
						CreatedOnToolsVersion = 8.2.1;
						ProvisioningStyle = Automatic;
					};
				};
			};
			buildConfigurationList = B6CC91431EB0C16100466D6E /* Build configuration list for PBXProject "CasoPracticoTelefonica" */;
			compatibilityVersion = "Xcode 3.2";
			developmentRegion = English;
			hasScannedForEncodings = 0;
			knownRegions = (
				en,
				Base,
			);
			mainGroup = B6CC913F1EB0C16100466D6E;
			productRefGroup = B6CC91491EB0C16100466D6E /* Products */;
			projectDirPath = "";
			projectRoot = "";
			targets = (
				B6CC91471EB0C16100466D6E /* CasoPracticoTelefonica */,
			);
		};
/* End PBXProject section */

/* Begin PBXResourcesBuildPhase section */
		B6CC91461EB0C16100466D6E /* Resources */ = {
			isa = PBXResourcesBuildPhase;
			buildActionMask = 2147483647;
			files = (
				B6CC91561EB0C16100466D6E /* LaunchScreen.storyboard in Resources */,
				B6CC91531EB0C16100466D6E /* Assets.xcassets in Resources */,
				B6CC91511EB0C16100466D6E /* Main.storyboard in Resources */,
			);
			runOnlyForDeploymentPostprocessing = 0;
		};
/* End PBXResourcesBuildPhase section */

/* Begin PBXSourcesBuildPhase section */
		B6CC91441EB0C16100466D6E /* Sources */ = {
			isa = PBXSourcesBuildPhase;
			buildActionMask = 2147483647;
			files = (
				B6CC914E1EB0C16100466D6E /* ViewController.swift in Sources */,
				B6CC914C1EB0C16100466D6E /* AppDelegate.swift in Sources */,
			);
			runOnlyForDeploymentPostprocessing = 0;
		};
/* End PBXSourcesBuildPhase section */

/* Begin PBXVariantGroup section */
		B6CC914F1EB0C16100466D6E /* Main.storyboard */ = {
			isa = PBXVariantGroup;
			children = (
				B6CC91501EB0C16100466D6E /* Base */,
			);
			name = Main.storyboard;
			sourceTree = "<group>";
		};
		B6CC91541EB0C16100466D6E /* LaunchScreen.storyboard */ = {
			isa = PBXVariantGroup;
			children = (
				B6CC91551EB0C16100466D6E /* Base */,
			);
			name = LaunchScreen.storyboard;
			sourceTree = "<group>";
		};
/* End PBXVariantGroup section */

/* Begin XCBuildConfiguration section */
		B6CC91581EB0C16100466D6E /* Debug */ = {
			isa = XCBuildConfiguration;
			buildSettings = {
				ALWAYS_SEARCH_USER_PATHS = NO;
				CLANG_ANALYZER_NONNULL = YES;
				CLANG_CXX_LANGUAGE_STANDARD = "gnu++0x";
				CLANG_CXX_LIBRARY = "libc++";
				CLANG_ENABLE_MODULES = YES;
				CLANG_ENABLE_OBJC_ARC = YES;
				CLANG_WARN_BOOL_CONVERSION = YES;
				CLANG_WARN_CONSTANT_CONVERSION = YES;
				CLANG_WARN_DIRECT_OBJC_ISA_USAGE = YES_ERROR;
				CLANG_WARN_DOCUMENTATION_COMMENTS = YES;
				CLANG_WARN_EMPTY_BODY = YES;
				CLANG_WARN_ENUM_CONVERSION = YES;
				CLANG_WARN_INFINITE_RECURSION = YES;
				CLANG_WARN_INT_CONVERSION = YES;
				CLANG_WARN_OBJC_ROOT_CLASS = YES_ERROR;
				CLANG_WARN_SUSPICIOUS_MOVE = YES;
				CLANG_WARN_UNREACHABLE_CODE = YES;
				CLANG_WARN__DUPLICATE_METHOD_MATCH = YES;
				"CODE_SIGN_IDENTITY[sdk=iphoneos*]" = "iPhone Developer";
				COPY_PHASE_STRIP = NO;
				DEBUG_INFORMATION_FORMAT = dwarf;
				ENABLE_STRICT_OBJC_MSGSEND = YES;
				ENABLE_TESTABILITY = YES;
				GCC_C_LANGUAGE_STANDARD = gnu99;
				GCC_DYNAMIC_NO_PIC = NO;
				GCC_NO_COMMON_BLOCKS = YES;
				GCC_OPTIMIZATION_LEVEL = 0;
				GCC_PREPROCESSOR_DEFINITIONS = (
					"DEBUG=1",
					"$(inherited)",
				);
				GCC_WARN_64_TO_32_BIT_CONVERSION = YES;
				GCC_WARN_ABOUT_RETURN_TYPE = YES_ERROR;
				GCC_WARN_UNDECLARED_SELECTOR = YES;
				GCC_WARN_UNINITIALIZED_AUTOS = YES_AGGRESSIVE;
				GCC_WARN_UNUSED_FUNCTION = YES;
				GCC_WARN_UNUSED_VARIABLE = YES;
				IPHONEOS_DEPLOYMENT_TARGET = 10.2;
				MTL_ENABLE_DEBUG_INFO = YES;
				ONLY_ACTIVE_ARCH = YES;
				SDKROOT = iphoneos;
				SWIFT_ACTIVE_COMPILATION_CONDITIONS = DEBUG;
				SWIFT_OPTIMIZATION_LEVEL = "-Onone";
				TARGETED_DEVICE_FAMILY = "1,2";
			};
			name = Debug;
		};
		B6CC91591EB0C16100466D6E /* Release */ = {
			isa = XCBuildConfiguration;
			buildSettings = {
				ALWAYS_SEARCH_USER_PATHS = NO;
				CLANG_ANALYZER_NONNULL = YES;
				CLANG_CXX_LANGUAGE_STANDARD = "gnu++0x";
				CLANG_CXX_LIBRARY = "libc++";
				CLANG_ENABLE_MODULES = YES;
				CLANG_ENABLE_OBJC_ARC = YES;
				CLANG_WARN_BOOL_CONVERSION = YES;
				CLANG_WARN_CONSTANT_CONVERSION = YES;
				CLANG_WARN_DIRECT_OBJC_ISA_USAGE = YES_ERROR;
				CLANG_WARN_DOCUMENTATION_COMMENTS = YES;
				CLANG_WARN_EMPTY_BODY = YES;
				CLANG_WARN_ENUM_CONVERSION = YES;
				CLANG_WARN_INFINITE_RECURSION = YES;
				CLANG_WARN_INT_CONVERSION = YES;
				CLANG_WARN_OBJC_ROOT_CLASS = YES_ERROR;
				CLANG_WARN_SUSPICIOUS_MOVE = YES;
				CLANG_WARN_UNREACHABLE_CODE = YES;
				CLANG_WARN__DUPLICATE_METHOD_MATCH = YES;
				"CODE_SIGN_IDENTITY[sdk=iphoneos*]" = "iPhone Developer";
				COPY_PHASE_STRIP = NO;
				DEBUG_INFORMATION_FORMAT = "dwarf-with-dsym";
				ENABLE_NS_ASSERTIONS = NO;
				ENABLE_STRICT_OBJC_MSGSEND = YES;
				GCC_C_LANGUAGE_STANDARD = gnu99;
				GCC_NO_COMMON_BLOCKS = YES;
				GCC_WARN_64_TO_32_BIT_CONVERSION = YES;
				GCC_WARN_ABOUT_RETURN_TYPE = YES_ERROR;
				GCC_WARN_UNDECLARED_SELECTOR = YES;
				GCC_WARN_UNINITIALIZED_AUTOS = YES_AGGRESSIVE;
				GCC_WARN_UNUSED_FUNCTION = YES;
				GCC_WARN_UNUSED_VARIABLE = YES;
				IPHONEOS_DEPLOYMENT_TARGET = 10.2;
				MTL_ENABLE_DEBUG_INFO = NO;
				SDKROOT = iphoneos;
				SWIFT_OPTIMIZATION_LEVEL = "-Owholemodule";
				TARGETED_DEVICE_FAMILY = "1,2";
				VALIDATE_PRODUCT = YES;
			};
			name = Release;
		};
		B6CC915B1EB0C16100466D6E /* Debug */ = {
			isa = XCBuildConfiguration;
			buildSettings = {
				ASSETCATALOG_COMPILER_APPICON_NAME = AppIcon;
				INFOPLIST_FILE = CasoPracticoTelefonica/Info.plist;
				LD_RUNPATH_SEARCH_PATHS = "$(inherited) @executable_path/Frameworks";
				PRODUCT_BUNDLE_IDENTIFIER = com.edu.CasoPracticoTelefonica;
				PRODUCT_NAME = "$(TARGET_NAME)";
				SWIFT_VERSION = 3.0;
			};
			name = Debug;
		};
		B6CC915C1EB0C16100466D6E /* Release */ = {
			isa = XCBuildConfiguration;
			buildSettings = {
				ASSETCATALOG_COMPILER_APPICON_NAME = AppIcon;
				INFOPLIST_FILE = CasoPracticoTelefonica/Info.plist;
				LD_RUNPATH_SEARCH_PATHS = "$(inherited) @executable_path/Frameworks";
				PRODUCT_BUNDLE_IDENTIFIER = com.edu.CasoPracticoTelefonica;
				PRODUCT_NAME = "$(TARGET_NAME)";
				SWIFT_VERSION = 3.0;
			};
			name = Release;
		};
/* End XCBuildConfiguration section */

/* Begin XCConfigurationList section */
		B6CC91431EB0C16100466D6E /* Build configuration list for PBXProject "CasoPracticoTelefonica" */ = {
			isa = XCConfigurationList;
			buildConfigurations = (
				B6CC91581EB0C16100466D6E /* Debug */,
				B6CC91591EB0C16100466D6E /* Release */,
			);
			defaultConfigurationIsVisible = 0;
			defaultConfigurationName = Release;
		};
		B6CC915A1EB0C16100466D6E /* Build configuration list for PBXNativeTarget "CasoPracticoTelefonica" */ = {
			isa = XCConfigurationList;
			buildConfigurations = (
				B6CC915B1EB0C16100466D6E /* Debug */,
				B6CC915C1EB0C16100466D6E /* Release */,
			);
			defaultConfigurationIsVisible = 0;
		};
/* End XCConfigurationList section */
	};
	rootObject = B6CC91401EB0C16100466D6E /* Project object */;
}
